{
  "version": 4,
  "terraform_version": "1.4.6",
  "serial": 13,
  "lineage": "333403eb-c80d-7eab-e8c3-04498aadec71",
  "outputs": {
    "private_ip": {
      "value": "172.31.39.66",
      "type": "string"
    },
    "public_ip": {
      "value": "13.232.231.33",
      "type": "string"
    }
  },
  "resources": [
    {
      "mode": "managed",
      "type": "aws_instance",
      "name": "testec2",
      "provider": "provider[\"registry.terraform.io/hashicorp/aws\"]",
      "instances": [
        {
          "schema_version": 1,
          "attributes": {
            "ami": "ami-022d03f649d12a49d",
            "arn": "arn:aws:ec2:ap-south-1:321503580090:instance/i-0dd8aef193c378e7b",
            "associate_public_ip_address": true,
            "availability_zone": "ap-south-1a",
            "capacity_reservation_specification": [
              {
                "capacity_reservation_preference": "open",
                "capacity_reservation_target": []
              }
            ],
            "cpu_core_count": 1,
            "cpu_options": [
              {
                "amd_sev_snp": "",
                "core_count": 1,
                "threads_per_core": 1
              }
            ],
            "cpu_threads_per_core": 1,
            "credit_specification": [
              {
                "cpu_credits": "standard"
              }
            ],
            "disable_api_stop": false,
            "disable_api_termination": false,
            "ebs_block_device": [],
            "ebs_optimized": false,
            "enclave_options": [
              {
                "enabled": false
              }
            ],
            "ephemeral_block_device": [],
            "get_password_data": false,
            "hibernation": false,
            "host_id": "",
            "host_resource_group_arn": null,
            "iam_instance_profile": "",
            "id": "i-0dd8aef193c378e7b",
            "instance_initiated_shutdown_behavior": "stop",
            "instance_state": "running",
            "instance_type": "t2.micro",
            "ipv6_address_count": 0,
            "ipv6_addresses": [],
            "key_name": "tftestkey",
            "launch_template": [],
            "maintenance_options": [
              {
                "auto_recovery": "default"
              }
            ],
            "metadata_options": [
              {
                "http_endpoint": "enabled",
                "http_put_response_hop_limit": 1,
                "http_tokens": "optional",
                "instance_metadata_tags": "disabled"
              }
            ],
            "monitoring": false,
            "network_interface": [],
            "outpost_arn": "",
            "password_data": "",
            "placement_group": "",
            "placement_partition_number": 0,
            "primary_network_interface_id": "eni-0c9fe2ae56612237f",
            "private_dns": "ip-172-31-39-66.ap-south-1.compute.internal",
            "private_dns_name_options": [
              {
                "enable_resource_name_dns_a_record": false,
                "enable_resource_name_dns_aaaa_record": false,
                "hostname_type": "ip-name"
              }
            ],
            "private_ip": "172.31.39.66",
            "public_dns": "ec2-13-232-231-33.ap-south-1.compute.amazonaws.com",
            "public_ip": "13.232.231.33",
            "root_block_device": [
              {
                "delete_on_termination": true,
                "device_name": "/dev/xvda",
                "encrypted": false,
                "iops": 100,
                "kms_key_id": "",
                "tags": {},
                "throughput": 0,
                "volume_id": "vol-0c3208cfef8b14dfe",
                "volume_size": 8,
                "volume_type": "gp2"
              }
            ],
            "secondary_private_ips": [],
            "security_groups": [
              "ansiblevm-sg"
            ],
            "source_dest_check": true,
            "subnet_id": "subnet-0928f107e98b2ff7c",
            "tags": {
              "Name": "testec2",
              "Project": "webapp"
            },
            "tags_all": {
              "Name": "testec2",
              "Project": "webapp"
            },
            "tenancy": "default",
            "timeouts": null,
            "user_data": null,
            "user_data_base64": null,
            "user_data_replace_on_change": false,
            "volume_tags": null,
            "vpc_security_group_ids": [
              "sg-0608ede8d0d252e7b"
            ]
          },
          "sensitive_attributes": [],
          "private": "eyJlMmJmYjczMC1lY2FhLTExZTYtOGY4OC0zNDM2M2JjN2M0YzAiOnsiY3JlYXRlIjo2MDAwMDAwMDAwMDAsImRlbGV0ZSI6MTIwMDAwMDAwMDAwMCwidXBkYXRlIjo2MDAwMDAwMDAwMDB9LCJzY2hlbWFfdmVyc2lvbiI6IjEifQ==",
          "dependencies": [
            "aws_key_pair.test-key"
          ]
        }
      ]
    },
    {
      "mode": "managed",
      "type": "aws_key_pair",
      "name": "test-key",
      "provider": "provider[\"registry.terraform.io/hashicorp/aws\"]",
      "instances": [
        {
          "schema_version": 1,
          "attributes": {
            "arn": "arn:aws:ec2:ap-south-1:321503580090:key-pair/tftestkey",
            "fingerprint": "c5:79:e2:79:93:89:56:bb:2e:92:d7:ef:d7:40:e0:9e",
            "id": "tftestkey",
            "key_name": "tftestkey",
            "key_name_prefix": "",
            "key_pair_id": "key-0d3a2bb474adff1e7",
            "key_type": "rsa",
            "public_key": "ssh-rsa AAAAB3NzaC1yc2EAAAADAQABAAABgQDUdxtBQE9qPiaHX7/sShZoN/SuiND3kWxqIc+qk/j56lvDRATes4U3N67T9iJvKbbePHj1Pn/GyimcQfemuF1KU6lycITI8TI2Buz90QvvRGKqnDZHgVvOfe3FHjBOw+uckwdwg5ckLyULD8TdbngabEw9noNKb0R9xW7U+GnIQyG08utDzX6bEn4kSgDRxlNdPA1//MFA+X3Lo+EvXr/x9ijEU1A/VPM1XYK18VqNqRLXkOIK84rE20LhdNPdIfaydDapfvoSenBK4W2YZTxcVANuNTwIOqFShDRZ80aVtOub/1Ngk7v5eeNpJQinLLG3+Yu6GTe0+6y8CCAmhvTpDcBVPDpB5bhLAsC8B4hVxBhZB0LvsAzfgfSrYIF6V8roHrmQoAHIjkz2n66z2I0QaxcQeLXF/HTFAn+hAxBw3PVno/BTzCoUEohN5F9qNawlSr+UPmxiIhSoBp/7fU2FbyOV+fOK7pr8p4cN+EB5fuI6RDlsQpj3fWs1gnj5PZc= hitesh@HITESH-LAPTOP",
            "tags": {},
            "tags_all": {}
          },
          "sensitive_attributes": [],
          "private": "eyJzY2hlbWFfdmVyc2lvbiI6IjEifQ=="
        }
      ]
    }
  ],
  "check_results": null
}
